{
  "version": 4,
  "terraform_version": "1.14.3",
  "serial": 12,
  "lineage": "3a562a49-7104-f1a9-06dc-87387e097261",
  "outputs": {},
  "resources": [
    {
      "mode": "managed",
      "type": "github_repository",
      "name": "terraform_scripts_repo",
      "provider": "provider[\"registry.terraform.io/hashicorp/github\"]",
      "instances": [
        {
          "schema_version": 1,
          "attributes": {
            "allow_auto_merge": false,
            "allow_forking": true,
            "allow_merge_commit": true,
            "allow_rebase_merge": true,
            "allow_squash_merge": true,
            "allow_update_branch": false,
            "archive_on_destroy": null,
            "archived": false,
            "auto_init": true,
            "default_branch": "main",
            "delete_branch_on_merge": false,
            "description": "Hands-on Terraform scripts and labs for learning and practicing Infrastructure as Code concepts on cloud platforms.",
            "etag": "W/\"2e18890d9bfdb89dc42947ea0363873a48afad2e18948fc671942a412e0fca8d\"",
            "fork": "false",
            "full_name": "hlavania05/terraform-practice-labs",
            "git_clone_url": "git://github.com/hlavania05/terraform-practice-labs.git",
            "gitignore_template": null,
            "has_discussions": false,
            "has_downloads": false,
            "has_issues": false,
            "has_projects": false,
            "has_wiki": false,
            "homepage_url": "",
            "html_url": "https://github.com/hlavania05/terraform-practice-labs",
            "http_clone_url": "https://github.com/hlavania05/terraform-practice-labs.git",
            "id": "terraform-practice-labs",
            "ignore_vulnerability_alerts_during_read": null,
            "is_template": false,
            "license_template": null,
            "merge_commit_message": "PR_TITLE",
            "merge_commit_title": "MERGE_MESSAGE",
            "name": "terraform-practice-labs",
            "node_id": "R_kgDORCNfiQ",
            "pages": [],
            "primary_language": "",
            "private": false,
            "repo_id": 1143168905,
            "security_and_analysis": [
              {
                "advanced_security": [],
                "code_security": [],
                "secret_scanning": [
                  {
                    "status": "enabled"
                  }
                ],
                "secret_scanning_ai_detection": [],
                "secret_scanning_non_provider_patterns": [],
                "secret_scanning_push_protection": [
                  {
                    "status": "enabled"
                  }
                ]
              }
            ],
            "source_owner": "",
            "source_repo": "",
            "squash_merge_commit_message": "COMMIT_MESSAGES",
            "squash_merge_commit_title": "COMMIT_OR_PR_TITLE",
            "ssh_clone_url": "git@github.com:hlavania05/terraform-practice-labs.git",
            "svn_url": "https://github.com/hlavania05/terraform-practice-labs",
            "template": [],
            "topics": [],
            "visibility": "public",
            "vulnerability_alerts": false,
            "web_commit_signoff_required": false
          },
          "sensitive_attributes": [],
          "identity_schema_version": 0,
          "private": "eyJzY2hlbWFfdmVyc2lvbiI6IjEifQ=="
        }
      ]
    }
  ],
  "check_results": null
}
